
Microsoft Visual Studio Solution File, Format Version 12.00
# Visual Studio Version 17
VisualStudioVersion = 17.11.35222.181
MinimumVisualStudioVersion = 10.0.40219.1
Project("{FAE04EC0-301F-11D3-BF4B-00C04F79EFBC}") = "Bai Tap 1", "Bai Tap 1\Bai Tap 1.csproj", "{33DD9184-527B-47F3-8EA6-271B3E3EF211}"
EndProject
Global
	GlobalSection(SolutionConfigurationPlatforms) = preSolution
		Debug|Any CPU = Debug|Any CPU
		Release|Any CPU = Release|Any CPU
	EndGlobalSection
	GlobalSection(ProjectConfigurationPlatforms) = postSolution
		{33DD9184-527B-47F3-8EA6-271B3E3EF211}.Debug|Any CPU.ActiveCfg = Debug|Any CPU
		{33DD9184-527B-47F3-8EA6-271B3E3EF211}.Debug|Any CPU.Build.0 = Debug|Any CPU
		{33DD9184-527B-47F3-8EA6-271B3E3EF211}.Release|Any CPU.ActiveCfg = Release|Any CPU
		{33DD9184-527B-47F3-8EA6-271B3E3EF211}.Release|Any CPU.Build.0 = Release|Any CPU
	EndGlobalSection
	GlobalSection(SolutionProperties) = preSolution
		HideSolutionNode = FALSE
	EndGlobalSection
	GlobalSection(ExtensibilityGlobals) = postSolution
		SolutionGuid = {3923B8AC-7DD4-436C-8A8C-1DE4CF3830DC}
	EndGlobalSection
EndGlobal
